
Microsoft Visual Studio Solution File, Format Version 12.00
# Visual Studio 2012
Project("{FAE04EC0-301F-11D3-BF4B-00C04F79EFBC}") = "Substitution_Techniques", "Substitution_Techniques\Substitution_Techniques.csproj", "{6002630A-AD27-4AC3-9A67-859F55B65E05}"
EndProject
Global
	GlobalSection(SolutionConfigurationPlatforms) = preSolution
		Debug|Any CPU = Debug|Any CPU
		Release|Any CPU = Release|Any CPU
	EndGlobalSection
	GlobalSection(ProjectConfigurationPlatforms) = postSolution
		{6002630A-AD27-4AC3-9A67-859F55B65E05}.Debug|Any CPU.ActiveCfg = Debug|Any CPU
		{6002630A-AD27-4AC3-9A67-859F55B65E05}.Debug|Any CPU.Build.0 = Debug|Any CPU
		{6002630A-AD27-4AC3-9A67-859F55B65E05}.Release|Any CPU.ActiveCfg = Release|Any CPU
		{6002630A-AD27-4AC3-9A67-859F55B65E05}.Release|Any CPU.Build.0 = Release|Any CPU
	EndGlobalSection
	GlobalSection(SolutionProperties) = preSolution
		HideSolutionNode = FALSE
	EndGlobalSection
EndGlobal
